
Microsoft Visual Studio Solution File, Format Version 12.00
# Visual Studio Version 17
VisualStudioVersion = 17.0.31903.59
MinimumVisualStudioVersion = 10.0.40219.1
Project("{2150E333-8FDC-42A3-9474-1A3956D46DE8}") = "src", "src", "{B3084FC3-13ED-4B5E-906C-E397ECA56F2A}"
EndProject
Project("{9A19103F-16F7-4668-BE54-9A1E7A4F7556}") = "Product", "src\Product\Product.csproj", "{B8752C22-77EA-464B-8A4A-59B83B60FB09}"
EndProject
Project("{9A19103F-16F7-4668-BE54-9A1E7A4F7556}") = "Invoice", "src\Invoice\Invoice.csproj", "{9136F57F-F7E4-4BFB-AFAD-C1CBC64D073E}"
EndProject
Project("{9A19103F-16F7-4668-BE54-9A1E7A4F7556}") = "OcelotGateway", "src\OcelotGateway\OcelotGateway.csproj", "{AC61A3EC-013A-4BC3-9DFD-F12D1B104289}"
EndProject
Project("{FAE04EC0-301F-11D3-BF4B-00C04F79EFBC}") = "yarp", "src\yarp\yarp.csproj", "{AA546925-4A5F-4C04-8490-A125FD919F76}"
EndProject
Global
	GlobalSection(SolutionConfigurationPlatforms) = preSolution
		Debug|Any CPU = Debug|Any CPU
		Release|Any CPU = Release|Any CPU
	EndGlobalSection
	GlobalSection(ProjectConfigurationPlatforms) = postSolution
		{B8752C22-77EA-464B-8A4A-59B83B60FB09}.Debug|Any CPU.ActiveCfg = Debug|Any CPU
		{B8752C22-77EA-464B-8A4A-59B83B60FB09}.Debug|Any CPU.Build.0 = Debug|Any CPU
		{B8752C22-77EA-464B-8A4A-59B83B60FB09}.Release|Any CPU.ActiveCfg = Release|Any CPU
		{B8752C22-77EA-464B-8A4A-59B83B60FB09}.Release|Any CPU.Build.0 = Release|Any CPU
		{9136F57F-F7E4-4BFB-AFAD-C1CBC64D073E}.Debug|Any CPU.ActiveCfg = Debug|Any CPU
		{9136F57F-F7E4-4BFB-AFAD-C1CBC64D073E}.Debug|Any CPU.Build.0 = Debug|Any CPU
		{9136F57F-F7E4-4BFB-AFAD-C1CBC64D073E}.Release|Any CPU.ActiveCfg = Release|Any CPU
		{9136F57F-F7E4-4BFB-AFAD-C1CBC64D073E}.Release|Any CPU.Build.0 = Release|Any CPU
		{AC61A3EC-013A-4BC3-9DFD-F12D1B104289}.Debug|Any CPU.ActiveCfg = Debug|Any CPU
		{AC61A3EC-013A-4BC3-9DFD-F12D1B104289}.Debug|Any CPU.Build.0 = Debug|Any CPU
		{AC61A3EC-013A-4BC3-9DFD-F12D1B104289}.Release|Any CPU.ActiveCfg = Release|Any CPU
		{AC61A3EC-013A-4BC3-9DFD-F12D1B104289}.Release|Any CPU.Build.0 = Release|Any CPU
		{AA546925-4A5F-4C04-8490-A125FD919F76}.Debug|Any CPU.ActiveCfg = Debug|Any CPU
		{AA546925-4A5F-4C04-8490-A125FD919F76}.Debug|Any CPU.Build.0 = Debug|Any CPU
		{AA546925-4A5F-4C04-8490-A125FD919F76}.Release|Any CPU.ActiveCfg = Release|Any CPU
		{AA546925-4A5F-4C04-8490-A125FD919F76}.Release|Any CPU.Build.0 = Release|Any CPU
	EndGlobalSection
	GlobalSection(SolutionProperties) = preSolution
		HideSolutionNode = FALSE
	EndGlobalSection
	GlobalSection(NestedProjects) = preSolution
		{B8752C22-77EA-464B-8A4A-59B83B60FB09} = {B3084FC3-13ED-4B5E-906C-E397ECA56F2A}
		{9136F57F-F7E4-4BFB-AFAD-C1CBC64D073E} = {B3084FC3-13ED-4B5E-906C-E397ECA56F2A}
		{AC61A3EC-013A-4BC3-9DFD-F12D1B104289} = {B3084FC3-13ED-4B5E-906C-E397ECA56F2A}
		{AA546925-4A5F-4C04-8490-A125FD919F76} = {B3084FC3-13ED-4B5E-906C-E397ECA56F2A}
	EndGlobalSection
	GlobalSection(ExtensibilityGlobals) = postSolution
		SolutionGuid = {85031B6D-B2F2-4C59-96C3-72E8DBCC36A3}
	EndGlobalSection
EndGlobal
